
Microsoft Visual Studio Solution File, Format Version 12.00
# Visual Studio Version 16
VisualStudioVersion = 16.0.31702.278
MinimumVisualStudioVersion = 10.0.40219.1
Project("{FAE04EC0-301F-11D3-BF4B-00C04F79EFBC}") = "Aula127_UpcastingDowncasting", "Aula127_UpcastingDowncasting\Aula127_UpcastingDowncasting.csproj", "{2D8B2CFD-EDA0-4ABA-8C90-C2AA581CA457}"
EndProject
Global
	GlobalSection(SolutionConfigurationPlatforms) = preSolution
		Debug|Any CPU = Debug|Any CPU
		Release|Any CPU = Release|Any CPU
	EndGlobalSection
	GlobalSection(ProjectConfigurationPlatforms) = postSolution
		{2D8B2CFD-EDA0-4ABA-8C90-C2AA581CA457}.Debug|Any CPU.ActiveCfg = Debug|Any CPU
		{2D8B2CFD-EDA0-4ABA-8C90-C2AA581CA457}.Debug|Any CPU.Build.0 = Debug|Any CPU
		{2D8B2CFD-EDA0-4ABA-8C90-C2AA581CA457}.Release|Any CPU.ActiveCfg = Release|Any CPU
		{2D8B2CFD-EDA0-4ABA-8C90-C2AA581CA457}.Release|Any CPU.Build.0 = Release|Any CPU
	EndGlobalSection
	GlobalSection(SolutionProperties) = preSolution
		HideSolutionNode = FALSE
	EndGlobalSection
	GlobalSection(ExtensibilityGlobals) = postSolution
		SolutionGuid = {29FD9697-7946-46C1-8D68-D2D121E9F9AE}
	EndGlobalSection
EndGlobal
